github.com/gorilla/websocket v1.4.2 h1:+/TMaTYc4QFitKJxsQ7Yye35DkWvkdLcvGKqM+x0Ufc=
github.com/gorilla/websocket v1.4.2/go.mod h1:YR8l580nyteQvAITg2hZ9XVh4b55+EU/adAjf1fMHhE=
github.com/leoviveiros/learn-go-with-tests v0.0.0-20210218135156-5ab6e7e06e75 h1:NrayCZuDG/VkioKzbvLCIxkK2xFx6NUwC7Y0L+AFbiw=
